symfony v2.0.12
twig v1.6.2
monolog b704c49a3051536f67f2d39f13568f74615b9922
doctrine-common b385ca770888248241bd3086a40d5b3bd082a706
doctrine-dbal 2.1.6
doctrine 2.1.6
swiftmailer v4.1.5
assetic v1.0.3
twig-extensions 1dfff8e793f50f651c4f74f796c2c68a4aee3147
metadata 8717ad2a5689480765d9ffafe925cd8a2457e582
SensioFrameworkExtraBundle b6565d32d71325be1f56943a8758b18f5999de8c
JMSSecurityExtraBundle b8b7eb294ed83d83ca7260ac018e701f08003538
SensioDistributionBundle 2082cb99d408fd89243059c6eff866347ec00bbe
SensioGeneratorBundle 2016dd4752ec52990b3fb304d68422eab3b1e8e0
AsseticBundle v1.0.1
FOSFacebookBundle b3bfbfc2898d62ccb3ec697cafe32f374928d49c