symfony 11ae9c97409fb349e2bfa50ed65bd23ec6dbca70
twig 2afc513620e7f8dadda92a0f4ed04cb157e048df
monolog b704c49a3051536f67f2d39f13568f74615b9922
doctrine-common 14eb4d62b6e0a87cd99200078c38644bbd216e42
doctrine-dbal ee8f64111d03df2dbf3c106214514fce4a9857ab
doctrine 4e9438ba600985c963624ed76599be2199cb3714
swiftmailer 7ce4188c9ba823707d5a1e8798eba1c2cce01567
assetic 4aeef88b7908510d0bcbbde357f0adf470534ed8
twig-extensions feb6d3f10c411e2631997c0a905aa581c80305c1
metadata 8717ad2a5689480765d9ffafe925cd8a2457e582
SensioFrameworkExtraBundle 85911039aca2ef39805640d9238c7157d8c30d2e
JMSSecurityExtraBundle e752f888c51425f71382c056961f10f2be642102
SensioDistributionBundle 41a6c5caed65f02bb09c95a90579f047616471fd
SensioGeneratorBundle c0118ce370f8da20e43051f2dd1ae331a202ab9c
AsseticBundle 6f15728c1aefa5246caa83730e3dbf70b0d46052
Mailchimp d8b5d50ae5c68a75b757a5fca160232e80e3c540
MailChimpBundle 4552b99acd9fa459fb5a644dd0d27877915f8957
Imagine 05fc0f5222b116daf653d70285c1d077db2e22e2
gedmo-doctrine-extensions c39402a5a41034c7d9b8c6a3af8c6daa3b42cefc
DoctrineExtensionsBundle 63c2aa344bd45ca8cf16d778bb8d382bf18b09e3
BeSimpleI18nRoutingBundle 93ad4fe9846f6d321d174f37b960d8f61151d8c4